{
    "_readme": [
        "This file locks the dependencies of your project to a known state",
        "Read more about it at https://getcomposer.org/doc/01-basic-usage.md#installing-dependencies",
        "This file is @generated automatically"
    ],
    "content-hash": "4d19dbc39b7f222d8f68c4f04eee7166",
    "packages": [
        {
            "name": "electrolinux/phpquery",
            "version": "0.9.6",
            "source": {
                "type": "git",
                "url": "https://github.com/electrolinux/phpquery.git",
                "reference": "6cb8afcfe8cd4ce45f2f8c27d561383037c27a3a"
            },
            "dist": {
                "type": "zip",
                "url": "https://api.github.com/repos/electrolinux/phpquery/zipball/6cb8afcfe8cd4ce45f2f8c27d561383037c27a3a",
                "reference": "6cb8afcfe8cd4ce45f2f8c27d561383037c27a3a",
                "shasum": ""
            },
            "type": "library",
            "autoload": {
                "classmap": [
                    "phpQuery/"
                ]
            },
            "notification-url": "https://packagist.org/downloads/",
            "license": [
                "MIT"
            ],
            "authors": [
                {
                    "name": "Tobiasz Cudnik",
                    "email": "tobiasz.cudnik@gmail.com",
                    "homepage": "https://github.com/TobiaszCudnik",
                    "role": "Developer"
                },
                {
                    "name": "didier Belot",
                    "role": "Packager"
                }
            ],
            "description": "phpQuery is a server-side, chainable, CSS3 selector driven Document Object Model (DOM) API based on jQuery JavaScript Library",
            "homepage": "http://code.google.com/p/phpquery/",
            "time": "2013-03-21T12:39:33+00:00"
        },
        {
            "name": "phpmailer/phpmailer",
            "version": "v6.1.6",
            "source": {
                "type": "git",
                "url": "https://github.com/PHPMailer/PHPMailer.git",
                "reference": "c2796cb1cb99d7717290b48c4e6f32cb6c60b7b3"
            },
            "dist": {
                "type": "zip",
                "url": "https://api.github.com/repos/PHPMailer/PHPMailer/zipball/c2796cb1cb99d7717290b48c4e6f32cb6c60b7b3",
                "reference": "c2796cb1cb99d7717290b48c4e6f32cb6c60b7b3",
                "shasum": ""
            },
            "require": {
                "ext-ctype": "*",
                "ext-filter": "*",
                "php": ">=5.5.0"
            },
            "require-dev": {
                "doctrine/annotations": "^1.2",
                "friendsofphp/php-cs-fixer": "^2.2",
                "phpunit/phpunit": "^4.8 || ^5.7"
            },
            "suggest": {
                "ext-mbstring": "Needed to send email in multibyte encoding charset",
                "hayageek/oauth2-yahoo": "Needed for Yahoo XOAUTH2 authentication",
                "league/oauth2-google": "Needed for Google XOAUTH2 authentication",
                "psr/log": "For optional PSR-3 debug logging",
                "stevenmaguire/oauth2-microsoft": "Needed for Microsoft XOAUTH2 authentication",
                "symfony/polyfill-mbstring": "To support UTF-8 if the Mbstring PHP extension is not enabled (^1.2)"
            },
            "type": "library",
            "autoload": {
                "psr-4": {
                    "PHPMailer\\PHPMailer\\": "src/"
                }
            },
            "notification-url": "https://packagist.org/downloads/",
            "license": [
                "LGPL-2.1-only"
            ],
            "authors": [
                {
                    "name": "Marcus Bointon",
                    "email": "phpmailer@synchromedia.co.uk"
                },
                {
                    "name": "Jim Jagielski",
                    "email": "jimjag@gmail.com"
                },
                {
                    "name": "Andy Prevost",
                    "email": "codeworxtech@users.sourceforge.net"
                },
                {
                    "name": "Brent R. Matzelle"
                }
            ],
            "description": "PHPMailer is a full-featured email creation and transfer class for PHP",
            "time": "2020-05-27T12:24:03+00:00"
        },
        {
            "name": "sentry/sentry",
            "version": "1.10.0",
            "source": {
                "type": "git",
                "url": "https://github.com/getsentry/sentry-php.git",
                "reference": "b2b8ffe1560b9fb0110b02993594a4b04a511959"
            },
            "dist": {
                "type": "zip",
                "url": "https://api.github.com/repos/getsentry/sentry-php/zipball/b2b8ffe1560b9fb0110b02993594a4b04a511959",
                "reference": "b2b8ffe1560b9fb0110b02993594a4b04a511959",
                "shasum": ""
            },
            "require": {
                "ext-curl": "*",
                "php": "^5.3|^7.0"
            },
            "conflict": {
                "raven/raven": "*"
            },
            "require-dev": {
                "friendsofphp/php-cs-fixer": "^1.8.0",
                "monolog/monolog": "*",
                "phpunit/phpunit": "^4.8.35 || ^5.7"
            },
            "suggest": {
                "ext-hash": "*",
                "ext-json": "*",
                "ext-mbstring": "*",
                "monolog/monolog": "Automatically capture Monolog events as breadcrumbs"
            },
            "bin": [
                "bin/sentry"
            ],
            "type": "library",
            "extra": {
                "branch-alias": {
                    "dev-master": "1.10.x-dev"
                }
            },
            "autoload": {
                "psr-0": {
                    "Raven_": "lib/"
                }
            },
            "notification-url": "https://packagist.org/downloads/",
            "license": [
                "BSD-3-Clause"
            ],
            "authors": [
                {
                    "name": "David Cramer",
                    "email": "dcramer@gmail.com"
                }
            ],
            "description": "A PHP client for Sentry (http://getsentry.com)",
            "homepage": "http://getsentry.com",
            "keywords": [
                "log",
                "logging"
            ],
            "time": "2018-11-09T12:27:19+00:00"
        },
        {
            "name": "topthink/framework",
            "version": "v5.1.42",
            "source": {
                "type": "git",
                "url": "https://github.com/top-think/framework.git",
                "reference": "ecf1a90d397d821ce2df58f7d47e798c17eba3ad"
            },
            "dist": {
                "type": "zip",
                "url": "https://api.github.com/repos/top-think/framework/zipball/ecf1a90d397d821ce2df58f7d47e798c17eba3ad",
                "reference": "ecf1a90d397d821ce2df58f7d47e798c17eba3ad",
                "shasum": ""
            },
            "require": {
                "php": ">=5.6.0",
                "topthink/think-installer": "2.*"
            },
            "require-dev": {
                "johnkary/phpunit-speedtrap": "^1.0",
                "mikey179/vfsstream": "~1.6",
                "phpdocumentor/reflection-docblock": "^2.0",
                "phploc/phploc": "2.*",
                "phpunit/phpunit": "^5.0|^6.0",
                "sebastian/phpcpd": "2.*",
                "squizlabs/php_codesniffer": "2.*"
            },
            "type": "think-framework",
            "notification-url": "https://packagist.org/downloads/",
            "license": [
                "Apache-2.0"
            ],
            "authors": [
                {
                    "name": "liu21st",
                    "email": "liu21st@gmail.com"
                },
                {
                    "name": "yunwuxin",
                    "email": "448901948@qq.com"
                }
            ],
            "description": "the new thinkphp framework",
            "homepage": "http://thinkphp.cn/",
            "keywords": [
                "framework",
                "orm",
                "thinkphp"
            ],
            "support": {
                "issues": "https://github.com/top-think/framework/issues",
                "source": "https://github.com/top-think/framework/tree/v5.1.42"
            },
            "time": "2022-10-25T15:04:49+00:00"
        },
        {
            "name": "topthink/think-captcha",
            "version": "v2.0.2",
            "source": {
                "type": "git",
                "url": "https://github.com/top-think/think-captcha.git",
                "reference": "54c8a51552f99ff9ea89ea9c272383a8f738ceee"
            },
            "dist": {
                "type": "zip",
                "url": "https://api.github.com/repos/top-think/think-captcha/zipball/54c8a51552f99ff9ea89ea9c272383a8f738ceee",
                "reference": "54c8a51552f99ff9ea89ea9c272383a8f738ceee",
                "shasum": ""
            },
            "require": {
                "topthink/framework": "5.1.*"
            },
            "type": "library",
            "autoload": {
                "psr-4": {
                    "think\\captcha\\": "src/"
                },
                "files": [
                    "src/helper.php"
                ]
            },
            "notification-url": "https://packagist.org/downloads/",
            "license": [
                "Apache-2.0"
            ],
            "authors": [
                {
                    "name": "yunwuxin",
                    "email": "448901948@qq.com"
                }
            ],
            "description": "captcha package for thinkphp5",
            "time": "2017-12-31T16:37:49+00:00"
        },
        {
            "name": "topthink/think-image",
            "version": "v1.0.7",
            "source": {
                "type": "git",
                "url": "https://github.com/top-think/think-image.git",
                "reference": "8586cf47f117481c6d415b20f7dedf62e79d5512"
            },
            "dist": {
                "type": "zip",
                "url": "https://api.github.com/repos/top-think/think-image/zipball/8586cf47f117481c6d415b20f7dedf62e79d5512",
                "reference": "8586cf47f117481c6d415b20f7dedf62e79d5512",
                "shasum": ""
            },
            "require": {
                "ext-gd": "*"
            },
            "require-dev": {
                "phpunit/phpunit": "4.8.*",
                "topthink/framework": "^5.0"
            },
            "type": "library",
            "autoload": {
                "psr-4": {
                    "think\\": "src"
                }
            },
            "notification-url": "https://packagist.org/downloads/",
            "license": [
                "Apache-2.0"
            ],
            "authors": [
                {
                    "name": "yunwuxin",
                    "email": "448901948@qq.com"
                }
            ],
            "description": "The ThinkPHP5 Image Package",
            "time": "2016-09-29T06:05:43+00:00"
        },
        {
            "name": "topthink/think-installer",
            "version": "v2.0.5",
            "source": {
                "type": "git",
                "url": "https://github.com/top-think/think-installer.git",
                "reference": "38ba647706e35d6704b5d370c06f8a160b635f88"
            },
            "dist": {
                "type": "zip",
                "url": "https://api.github.com/repos/top-think/think-installer/zipball/38ba647706e35d6704b5d370c06f8a160b635f88",
                "reference": "38ba647706e35d6704b5d370c06f8a160b635f88",
                "shasum": ""
            },
            "require": {
                "composer-plugin-api": "^1.0||^2.0"
            },
            "require-dev": {
                "composer/composer": "^1.0||^2.0"
            },
            "type": "composer-plugin",
            "extra": {
                "class": "think\\composer\\Plugin"
            },
            "autoload": {
                "psr-4": {
                    "think\\composer\\": "src"
                }
            },
            "notification-url": "https://packagist.org/downloads/",
            "license": [
                "Apache-2.0"
            ],
            "authors": [
                {
                    "name": "yunwuxin",
                    "email": "448901948@qq.com"
                }
            ],
            "support": {
                "issues": "https://github.com/top-think/think-installer/issues",
                "source": "https://github.com/top-think/think-installer/tree/v2.0.5"
            },
            "time": "2021-01-14T12:12:14+00:00"
        },
        {
            "name": "topthink/think-worker",
            "version": "v1.0.1",
            "source": {
                "type": "git",
                "url": "https://github.com/top-think/think-worker.git",
                "reference": "b609ff5e38dbb7194aab027d2b2c6b31a7ed1bd1"
            },
            "dist": {
                "type": "zip",
                "url": "https://api.github.com/repos/top-think/think-worker/zipball/b609ff5e38dbb7194aab027d2b2c6b31a7ed1bd1",
                "reference": "b609ff5e38dbb7194aab027d2b2c6b31a7ed1bd1",
                "shasum": ""
            },
            "require": {
                "workerman/workerman": "^3.3.0"
            },
            "type": "library",
            "autoload": {
                "psr-4": {
                    "think\\worker\\": "src"
                },
                "files": []
            },
            "notification-url": "https://packagist.org/downloads/",
            "license": [
                "Apache-2.0"
            ],
            "authors": [
                {
                    "name": "liu21st",
                    "email": "liu21st@gmail.com"
                }
            ],
            "description": "workerman extend for thinkphp5",
            "time": "2016-10-08T06:07:03+00:00"
        },
        {
            "name": "workerman/workerman",
            "version": "v3.5.18",
            "source": {
                "type": "git",
                "url": "https://github.com/walkor/Workerman.git",
                "reference": "f615edc0a550645778c6f8911830e4e12b0c5d45"
            },
            "dist": {
                "type": "zip",
                "url": "https://api.github.com/repos/walkor/Workerman/zipball/f615edc0a550645778c6f8911830e4e12b0c5d45",
                "reference": "f615edc0a550645778c6f8911830e4e12b0c5d45",
                "shasum": ""
            },
            "require": {
                "php": ">=5.3"
            },
            "suggest": {
                "ext-event": "For better performance. "
            },
            "type": "library",
            "autoload": {
                "psr-4": {
                    "Workerman\\": "./"
                }
            },
            "notification-url": "https://packagist.org/downloads/",
            "license": [
                "MIT"
            ],
            "authors": [
                {
                    "name": "walkor",
                    "email": "walkor@workerman.net",
                    "homepage": "http://www.workerman.net",
                    "role": "Developer"
                }
            ],
            "description": "An asynchronous event driven PHP framework for easily building fast, scalable network applications.",
            "homepage": "http://www.workerman.net",
            "keywords": [
                "asynchronous",
                "event-loop"
            ],
            "time": "2019-01-19T02:36:12+00:00"
        },
        {
            "name": "workerman/workerman-for-win",
            "version": "v3.5.1",
            "source": {
                "type": "git",
                "url": "https://github.com/walkor/workerman-for-win.git",
                "reference": "cbaae3193e4567fd9cfc8099931c63d9b12174ee"
            },
            "dist": {
                "type": "zip",
                "url": "https://api.github.com/repos/walkor/workerman-for-win/zipball/cbaae3193e4567fd9cfc8099931c63d9b12174ee",
                "reference": "cbaae3193e4567fd9cfc8099931c63d9b12174ee",
                "shasum": ""
            },
            "require": {
                "php": ">=5.3"
            },
            "type": "project",
            "autoload": {
                "psr-4": {
                    "Workerman\\": "./"
                }
            },
            "notification-url": "https://packagist.org/downloads/",
            "license": [
                "MIT"
            ],
            "authors": [
                {
                    "name": "walkor",
                    "email": "walkor@workerman.net",
                    "homepage": "http://www.workerman.net",
                    "role": "Developer"
                }
            ],
            "description": "An asynchronous event driven PHP framework for easily building fast, scalable network applications.",
            "homepage": "http://www.workerman.net",
            "keywords": [
                "asynchronous",
                "event-loop"
            ],
            "time": "2017-08-28T10:05:00+00:00"
        }
    ],
    "packages-dev": [],
    "aliases": [],
    "minimum-stability": "stable",
    "stability-flags": [],
    "prefer-stable": false,
    "prefer-lowest": false,
    "platform": {
        "php": ">=5.6.0"
    },
    "platform-dev": [],
    "plugin-api-version": "2.3.0"
}
